<?xml version="1.0" encoding="utf-8"?>
<Project ToolsVersion="4.0" xmlns="http://schemas.microsoft.com/developer/msbuild/2003">
  <ItemGroup>
    <Filter Include="Croc">
      <UniqueIdentifier>{8CC0837C-78F7-840D-21E4-6A100DFA000F}</UniqueIdentifier>
    </Filter>
    <Filter Include="Croc\Events">
      <UniqueIdentifier>{F0D6414A-5C8C-BA3F-E580-B4165135B143}</UniqueIdentifier>
    </Filter>
  </ItemGroup>
  <ItemGroup>
    <ClInclude Include="src\Croc.h" />
    <ClInclude Include="src\Croc\Application.h">
      <Filter>Croc</Filter>
    </ClInclude>
    <ClInclude Include="src\Croc\Core.h">
      <Filter>Croc</Filter>
    </ClInclude>
    <ClInclude Include="src\Croc\Entrypoint.h">
      <Filter>Croc</Filter>
    </ClInclude>
    <ClInclude Include="src\Croc\Events\ApplicationEvent.h">
      <Filter>Croc\Events</Filter>
    </ClInclude>
    <ClInclude Include="src\Croc\Events\Event.h">
      <Filter>Croc\Events</Filter>
    </ClInclude>
    <ClInclude Include="src\Croc\Events\KeyEvent.h">
      <Filter>Croc\Events</Filter>
    </ClInclude>
    <ClInclude Include="src\Croc\Events\MouseEvent.h">
      <Filter>Croc\Events</Filter>
    </ClInclude>
    <ClInclude Include="src\Croc\Log.h">
      <Filter>Croc</Filter>
    </ClInclude>
  </ItemGroup>
  <ItemGroup>
    <ClCompile Include="src\Croc\Application.cpp">
      <Filter>Croc</Filter>
    </ClCompile>
    <ClCompile Include="src\Croc\Log.cpp">
      <Filter>Croc</Filter>
    </ClCompile>
  </ItemGroup>
</Project>